// !$*UTF8*$!
{
	archiveVersion = 1;
	classes = {
	};
	objectVersion = 50;
	objects = {

/* Begin PBXBuildFile section */
		C00173DB213FB12E000EE2AB /* AppDelegate.swift in Sources */ = {isa = PBXBuildFile; fileRef = C00173DA213FB12E000EE2AB /* AppDelegate.swift */; };
		C00173DD213FB12E000EE2AB /* ViewController.swift in Sources */ = {isa = PBXBuildFile; fileRef = C00173DC213FB12E000EE2AB /* ViewController.swift */; };
		C00173E0213FB12E000EE2AB /* Main.storyboard in Resources */ = {isa = PBXBuildFile; fileRef = C00173DE213FB12E000EE2AB /* Main.storyboard */; };
		C00173E2213FB12F000EE2AB /* Assets.xcassets in Resources */ = {isa = PBXBuildFile; fileRef = C00173E1213FB12F000EE2AB /* Assets.xcassets */; };
		C00173E5213FB12F000EE2AB /* LaunchScreen.storyboard in Resources */ = {isa = PBXBuildFile; fileRef = C00173E3213FB12F000EE2AB /* LaunchScreen.storyboard */; };
		C00173EF213FB1AB000EE2AB /* PrayTime.swift in Sources */ = {isa = PBXBuildFile; fileRef = C00173EE213FB1AB000EE2AB /* PrayTime.swift */; };
/* End PBXBuildFile section */

/* Begin PBXFileReference section */
		C00173D7213FB12E000EE2AB /* PrayTime.app */ = {isa = PBXFileReference; explicitFileType = wrapper.application; includeInIndex = 0; path = PrayTime.app; sourceTree = BUILT_PRODUCTS_DIR; };
		C00173DA213FB12E000EE2AB /* AppDelegate.swift */ = {isa = PBXFileReference; lastKnownFileType = sourcecode.swift; path = AppDelegate.swift; sourceTree = "<group>"; };
		C00173DC213FB12E000EE2AB /* ViewController.swift */ = {isa = PBXFileReference; lastKnownFileType = sourcecode.swift; path = ViewController.swift; sourceTree = "<group>"; };
		C00173DF213FB12E000EE2AB /* Base */ = {isa = PBXFileReference; lastKnownFileType = file.storyboard; name = Base; path = Base.lproj/Main.storyboard; sourceTree = "<group>"; };
		C00173E1213FB12F000EE2AB /* Assets.xcassets */ = {isa = PBXFileReference; lastKnownFileType = folder.assetcatalog; path = Assets.xcassets; sourceTree = "<group>"; };
		C00173E4213FB12F000EE2AB /* Base */ = {isa = PBXFileReference; lastKnownFileType = file.storyboard; name = Base; path = Base.lproj/LaunchScreen.storyboard; sourceTree = "<group>"; };
		C00173E6213FB12F000EE2AB /* Info.plist */ = {isa = PBXFileReference; lastKnownFileType = text.plist.xml; path = Info.plist; sourceTree = "<group>"; };
		C00173EE213FB1AB000EE2AB /* PrayTime.swift */ = {isa = PBXFileReference; lastKnownFileType = sourcecode.swift; path = PrayTime.swift; sourceTree = "<group>"; };
/* End PBXFileReference section */

/* Begin PBXFrameworksBuildPhase section */
		C00173D4213FB12E000EE2AB /* Frameworks */ = {
			isa = PBXFrameworksBuildPhase;
			buildActionMask = 2147483647;
			files = (
			);
			runOnlyForDeploymentPostprocessing = 0;
		};
/* End PBXFrameworksBuildPhase section */

/* Begin PBXGroup section */
		C00173CE213FB12E000EE2AB = {
			isa = PBXGroup;
			children = (
				C00173D9213FB12E000EE2AB /* PrayTime */,
				C00173D8213FB12E000EE2AB /* Products */,
			);
			sourceTree = "<group>";
		};
		C00173D8213FB12E000EE2AB /* Products */ = {
			isa = PBXGroup;
			children = (
				C00173D7213FB12E000EE2AB /* PrayTime.app */,
			);
			name = Products;
			sourceTree = "<group>";
		};
		C00173D9213FB12E000EE2AB /* PrayTime */ = {
			isa = PBXGroup;
			children = (
				C00173ED213FB159000EE2AB /* PrayTime */,
				C00173EC213FB159000EE2AB /* Sample */,
			);
			path = PrayTime;
			sourceTree = "<group>";
		};
		C00173EC213FB159000EE2AB /* Sample */ = {
			isa = PBXGroup;
			children = (
				C00173DA213FB12E000EE2AB /* AppDelegate.swift */,
				C00173DC213FB12E000EE2AB /* ViewController.swift */,
				C00173DE213FB12E000EE2AB /* Main.storyboard */,
				C00173E1213FB12F000EE2AB /* Assets.xcassets */,
				C00173E3213FB12F000EE2AB /* LaunchScreen.storyboard */,
				C00173E6213FB12F000EE2AB /* Info.plist */,
			);
			path = Sample;
			sourceTree = "<group>";
		};
		C00173ED213FB159000EE2AB /* PrayTime */ = {
			isa = PBXGroup;
			children = (
				C00173EE213FB1AB000EE2AB /* PrayTime.swift */,
			);
			path = PrayTime;
			sourceTree = "<group>";
		};
/* End PBXGroup section */

/* Begin PBXNativeTarget section */
		C00173D6213FB12E000EE2AB /* PrayTime */ = {
			isa = PBXNativeTarget;
			buildConfigurationList = C00173E9213FB12F000EE2AB /* Build configuration list for PBXNativeTarget "PrayTime" */;
			buildPhases = (
				C00173D3213FB12E000EE2AB /* Sources */,
				C00173D4213FB12E000EE2AB /* Frameworks */,
				C00173D5213FB12E000EE2AB /* Resources */,
			);
			buildRules = (
			);
			dependencies = (
			);
			name = PrayTime;
			productName = PrayTime;
			productReference = C00173D7213FB12E000EE2AB /* PrayTime.app */;
			productType = "com.apple.product-type.application";
		};
/* End PBXNativeTarget section */

/* Begin PBXProject section */
		C00173CF213FB12E000EE2AB /* Project object */ = {
			isa = PBXProject;
			attributes = {
				LastSwiftUpdateCheck = 0940;
				LastUpgradeCheck = 0940;
				ORGANIZATIONNAME = "atif.gcucs@gmail.com";
				TargetAttributes = {
					C00173D6213FB12E000EE2AB = {
						CreatedOnToolsVersion = 9.4.1;
					};
				};
			};
			buildConfigurationList = C00173D2213FB12E000EE2AB /* Build configuration list for PBXProject "PrayTime" */;
			compatibilityVersion = "Xcode 9.3";
			developmentRegion = en;
			hasScannedForEncodings = 0;
			knownRegions = (
				en,
				Base,
			);
			mainGroup = C00173CE213FB12E000EE2AB;
			productRefGroup = C00173D8213FB12E000EE2AB /* Products */;
			projectDirPath = "";
			projectRoot = "";
			targets = (
				C00173D6213FB12E000EE2AB /* PrayTime */,
			);
		};
/* End PBXProject section */

/* Begin PBXResourcesBuildPhase section */
		C00173D5213FB12E000EE2AB /* Resources */ = {
			isa = PBXResourcesBuildPhase;
			buildActionMask = 2147483647;
			files = (
				C00173E5213FB12F000EE2AB /* LaunchScreen.storyboard in Resources */,
				C00173E2213FB12F000EE2AB /* Assets.xcassets in Resources */,
				C00173E0213FB12E000EE2AB /* Main.storyboard in Resources */,
			);
			runOnlyForDeploymentPostprocessing = 0;
		};
/* End PBXResourcesBuildPhase section */

/* Begin PBXSourcesBuildPhase section */
		C00173D3213FB12E000EE2AB /* Sources */ = {
			isa = PBXSourcesBuildPhase;
			buildActionMask = 2147483647;
			files = (
				C00173DD213FB12E000EE2AB /* ViewController.swift in Sources */,
				C00173DB213FB12E000EE2AB /* AppDelegate.swift in Sources */,
				C00173EF213FB1AB000EE2AB /* PrayTime.swift in Sources */,
			);
			runOnlyForDeploymentPostprocessing = 0;
		};
/* End PBXSourcesBuildPhase section */

/* Begin PBXVariantGroup section */
		C00173DE213FB12E000EE2AB /* Main.storyboard */ = {
			isa = PBXVariantGroup;
			children = (
				C00173DF213FB12E000EE2AB /* Base */,
			);
			name = Main.storyboard;
			sourceTree = "<group>";
		};
		C00173E3213FB12F000EE2AB /* LaunchScreen.storyboard */ = {
			isa = PBXVariantGroup;
			children = (
				C00173E4213FB12F000EE2AB /* Base */,
			);
			name = LaunchScreen.storyboard;
			sourceTree = "<group>";
		};
/* End PBXVariantGroup section */

/* Begin XCBuildConfiguration section */
		C00173E7213FB12F000EE2AB /* Debug */ = {
			isa = XCBuildConfiguration;
			buildSettings = {
				ALWAYS_SEARCH_USER_PATHS = NO;
				CLANG_ANALYZER_NONNULL = YES;
				CLANG_ANALYZER_NUMBER_OBJECT_CONVERSION = YES_AGGRESSIVE;
				CLANG_CXX_LANGUAGE_STANDARD = "gnu++14";
				CLANG_CXX_LIBRARY = "libc++";
				CLANG_ENABLE_MODULES = YES;
				CLANG_ENABLE_OBJC_ARC = YES;
				CLANG_ENABLE_OBJC_WEAK = YES;
				CLANG_WARN_BLOCK_CAPTURE_AUTORELEASING = YES;
				CLANG_WARN_BOOL_CONVERSION = YES;
				CLANG_WARN_COMMA = YES;
				CLANG_WARN_CONSTANT_CONVERSION = YES;
				CLANG_WARN_DEPRECATED_OBJC_IMPLEMENTATIONS = YES;
				CLANG_WARN_DIRECT_OBJC_ISA_USAGE = YES_ERROR;
				CLANG_WARN_DOCUMENTATION_COMMENTS = YES;
				CLANG_WARN_EMPTY_BODY = YES;
				CLANG_WARN_ENUM_CONVERSION = YES;
				CLANG_WARN_INFINITE_RECURSION = YES;
				CLANG_WARN_INT_CONVERSION = YES;
				CLANG_WARN_NON_LITERAL_NULL_CONVERSION = YES;
				CLANG_WARN_OBJC_IMPLICIT_RETAIN_SELF = YES;
				CLANG_WARN_OBJC_LITERAL_CONVERSION = YES;
				CLANG_WARN_OBJC_ROOT_CLASS = YES_ERROR;
				CLANG_WARN_RANGE_LOOP_ANALYSIS = YES;
				CLANG_WARN_STRICT_PROTOTYPES = YES;
				CLANG_WARN_SUSPICIOUS_MOVE = YES;
				CLANG_WARN_UNGUARDED_AVAILABILITY = YES_AGGRESSIVE;
				CLANG_WARN_UNREACHABLE_CODE = YES;
				CLANG_WARN__DUPLICATE_METHOD_MATCH = YES;
				CODE_SIGN_IDENTITY = "iPhone Developer";
				COPY_PHASE_STRIP = NO;
				DEBUG_INFORMATION_FORMAT = dwarf;
				ENABLE_STRICT_OBJC_MSGSEND = YES;
				ENABLE_TESTABILITY = YES;
				GCC_C_LANGUAGE_STANDARD = gnu11;
				GCC_DYNAMIC_NO_PIC = NO;
				GCC_NO_COMMON_BLOCKS = YES;
				GCC_OPTIMIZATION_LEVEL = 0;
				GCC_PREPROCESSOR_DEFINITIONS = (
					"DEBUG=1",
					"$(inherited)",
				);
				GCC_WARN_64_TO_32_BIT_CONVERSION = YES;
				GCC_WARN_ABOUT_RETURN_TYPE = YES_ERROR;
				GCC_WARN_UNDECLARED_SELECTOR = YES;
				GCC_WARN_UNINITIALIZED_AUTOS = YES_AGGRESSIVE;
				GCC_WARN_UNUSED_FUNCTION = YES;
				GCC_WARN_UNUSED_VARIABLE = YES;
				IPHONEOS_DEPLOYMENT_TARGET = 11.4;
				MTL_ENABLE_DEBUG_INFO = YES;
				ONLY_ACTIVE_ARCH = YES;
				SDKROOT = iphoneos;
				SWIFT_ACTIVE_COMPILATION_CONDITIONS = DEBUG;
				SWIFT_OPTIMIZATION_LEVEL = "-Onone";
			};
			name = Debug;
		};
		C00173E8213FB12F000EE2AB /* Release */ = {
			isa = XCBuildConfiguration;
			buildSettings = {
				ALWAYS_SEARCH_USER_PATHS = NO;
				CLANG_ANALYZER_NONNULL = YES;
				CLANG_ANALYZER_NUMBER_OBJECT_CONVERSION = YES_AGGRESSIVE;
				CLANG_CXX_LANGUAGE_STANDARD = "gnu++14";
				CLANG_CXX_LIBRARY = "libc++";
				CLANG_ENABLE_MODULES = YES;
				CLANG_ENABLE_OBJC_ARC = YES;
				CLANG_ENABLE_OBJC_WEAK = YES;
				CLANG_WARN_BLOCK_CAPTURE_AUTORELEASING = YES;
				CLANG_WARN_BOOL_CONVERSION = YES;
				CLANG_WARN_COMMA = YES;
				CLANG_WARN_CONSTANT_CONVERSION = YES;
				CLANG_WARN_DEPRECATED_OBJC_IMPLEMENTATIONS = YES;
				CLANG_WARN_DIRECT_OBJC_ISA_USAGE = YES_ERROR;
				CLANG_WARN_DOCUMENTATION_COMMENTS = YES;
				CLANG_WARN_EMPTY_BODY = YES;
				CLANG_WARN_ENUM_CONVERSION = YES;
				CLANG_WARN_INFINITE_RECURSION = YES;
				CLANG_WARN_INT_CONVERSION = YES;
				CLANG_WARN_NON_LITERAL_NULL_CONVERSION = YES;
				CLANG_WARN_OBJC_IMPLICIT_RETAIN_SELF = YES;
				CLANG_WARN_OBJC_LITERAL_CONVERSION = YES;
				CLANG_WARN_OBJC_ROOT_CLASS = YES_ERROR;
				CLANG_WARN_RANGE_LOOP_ANALYSIS = YES;
				CLANG_WARN_STRICT_PROTOTYPES = YES;
				CLANG_WARN_SUSPICIOUS_MOVE = YES;
				CLANG_WARN_UNGUARDED_AVAILABILITY = YES_AGGRESSIVE;
				CLANG_WARN_UNREACHABLE_CODE = YES;
				CLANG_WARN__DUPLICATE_METHOD_MATCH = YES;
				CODE_SIGN_IDENTITY = "iPhone Developer";
				COPY_PHASE_STRIP = NO;
				DEBUG_INFORMATION_FORMAT = "dwarf-with-dsym";
				ENABLE_NS_ASSERTIONS = NO;
				ENABLE_STRICT_OBJC_MSGSEND = YES;
				GCC_C_LANGUAGE_STANDARD = gnu11;
				GCC_NO_COMMON_BLOCKS = YES;
				GCC_WARN_64_TO_32_BIT_CONVERSION = YES;
				GCC_WARN_ABOUT_RETURN_TYPE = YES_ERROR;
				GCC_WARN_UNDECLARED_SELECTOR = YES;
				GCC_WARN_UNINITIALIZED_AUTOS = YES_AGGRESSIVE;
				GCC_WARN_UNUSED_FUNCTION = YES;
				GCC_WARN_UNUSED_VARIABLE = YES;
				IPHONEOS_DEPLOYMENT_TARGET = 11.4;
				MTL_ENABLE_DEBUG_INFO = NO;
				SDKROOT = iphoneos;
				SWIFT_COMPILATION_MODE = wholemodule;
				SWIFT_OPTIMIZATION_LEVEL = "-O";
				VALIDATE_PRODUCT = YES;
			};
			name = Release;
		};
		C00173EA213FB12F000EE2AB /* Debug */ = {
			isa = XCBuildConfiguration;
			buildSettings = {
				ASSETCATALOG_COMPILER_APPICON_NAME = AppIcon;
				CODE_SIGN_STYLE = Automatic;
				DEVELOPMENT_TEAM = "";
				INFOPLIST_FILE = PrayTime/Sample/Info.plist;
				IPHONEOS_DEPLOYMENT_TARGET = 11.0;
				LD_RUNPATH_SEARCH_PATHS = (
					"$(inherited)",
					"@executable_path/Frameworks",
				);
				PRODUCT_BUNDLE_IDENTIFIER = com.praytime.PrayTime;
				PRODUCT_NAME = "$(TARGET_NAME)";
				SWIFT_VERSION = 4.0;
				TARGETED_DEVICE_FAMILY = "1,2";
			};
			name = Debug;
		};
		C00173EB213FB12F000EE2AB /* Release */ = {
			isa = XCBuildConfiguration;
			buildSettings = {
				ASSETCATALOG_COMPILER_APPICON_NAME = AppIcon;
				CODE_SIGN_STYLE = Automatic;
				DEVELOPMENT_TEAM = "";
				INFOPLIST_FILE = PrayTime/Sample/Info.plist;
				IPHONEOS_DEPLOYMENT_TARGET = 11.0;
				LD_RUNPATH_SEARCH_PATHS = (
					"$(inherited)",
					"@executable_path/Frameworks",
				);
				PRODUCT_BUNDLE_IDENTIFIER = com.praytime.PrayTime;
				PRODUCT_NAME = "$(TARGET_NAME)";
				SWIFT_VERSION = 4.0;
				TARGETED_DEVICE_FAMILY = "1,2";
			};
			name = Release;
		};
/* End XCBuildConfiguration section */

/* Begin XCConfigurationList section */
		C00173D2213FB12E000EE2AB /* Build configuration list for PBXProject "PrayTime" */ = {
			isa = XCConfigurationList;
			buildConfigurations = (
				C00173E7213FB12F000EE2AB /* Debug */,
				C00173E8213FB12F000EE2AB /* Release */,
			);
			defaultConfigurationIsVisible = 0;
			defaultConfigurationName = Release;
		};
		C00173E9213FB12F000EE2AB /* Build configuration list for PBXNativeTarget "PrayTime" */ = {
			isa = XCConfigurationList;
			buildConfigurations = (
				C00173EA213FB12F000EE2AB /* Debug */,
				C00173EB213FB12F000EE2AB /* Release */,
			);
			defaultConfigurationIsVisible = 0;
			defaultConfigurationName = Release;
		};
/* End XCConfigurationList section */
	};
	rootObject = C00173CF213FB12E000EE2AB /* Project object */;
}
